
Microsoft Visual Studio Solution File, Format Version 12.00
# Visual Studio Version 17
VisualStudioVersion = 17.6.33829.357
MinimumVisualStudioVersion = 10.0.40219.1
Project("{FAE04EC0-301F-11D3-BF4B-00C04F79EFBC}") = "Demo_Project", "Demo_Project\Demo_Project.csproj", "{88C966D3-B905-46FF-9769-7DC0715F710E}"
EndProject
Global
	GlobalSection(SolutionConfigurationPlatforms) = preSolution
		Debug|Any CPU = Debug|Any CPU
		Release|Any CPU = Release|Any CPU
	EndGlobalSection
	GlobalSection(ProjectConfigurationPlatforms) = postSolution
		{88C966D3-B905-46FF-9769-7DC0715F710E}.Debug|Any CPU.ActiveCfg = Debug|Any CPU
		{88C966D3-B905-46FF-9769-7DC0715F710E}.Debug|Any CPU.Build.0 = Debug|Any CPU
		{88C966D3-B905-46FF-9769-7DC0715F710E}.Release|Any CPU.ActiveCfg = Release|Any CPU
		{88C966D3-B905-46FF-9769-7DC0715F710E}.Release|Any CPU.Build.0 = Release|Any CPU
	EndGlobalSection
	GlobalSection(SolutionProperties) = preSolution
		HideSolutionNode = FALSE
	EndGlobalSection
	GlobalSection(ExtensibilityGlobals) = postSolution
		SolutionGuid = {BCE95872-0431-4945-B276-6FF319788D8E}
	EndGlobalSection
EndGlobal
